<?xml version="1.0" encoding="utf-8"?>
<Project ToolsVersion="4.0" xmlns="http://schemas.microsoft.com/developer/msbuild/2003">
  <ItemGroup>
    <Filter Include="Source Files">
      <UniqueIdentifier>{4FC737F1-C7A5-4376-A066-2A32D752A2FF}</UniqueIdentifier>
      <Extensions>cpp;c;cc;cxx;def;odl;idl;hpj;bat;asm;asmx</Extensions>
    </Filter>
    <Filter Include="Header Files">
      <UniqueIdentifier>{93995380-89BD-4b04-88EB-625FBE52EBFB}</UniqueIdentifier>
      <Extensions>h;hh;hpp;hxx;hm;inl;inc;xsd</Extensions>
    </Filter>
    <Filter Include="Resource Files">
      <UniqueIdentifier>{67DA6AB6-F800-4c08-8B7A-83BB121AAD01}</UniqueIdentifier>
      <Extensions>rc;ico;cur;bmp;dlg;rc2;rct;bin;rgs;gif;jpg;jpeg;jpe;resx;tiff;tif;png;wav;mfcribbon-ms</Extensions>
    </Filter>
  </ItemGroup>
  <ItemGroup>
    <ClCompile Include="client.cpp">
      <Filter>Source Files</Filter>
    </ClCompile>
    <ClCompile Include="configuration.cpp">
      <Filter>Source Files</Filter>
    </ClCompile>
    <ClCompile Include="server.cpp">
      <Filter>Source Files</Filter>
    </ClCompile>
    <ClCompile Include="detail\client\protocol\initiate_request.cpp">
      <Filter>Source Files</Filter>
    </ClCompile>
    <ClCompile Include="detail\quorum\client_view.cpp">
      <Filter>Source Files</Filter>
    </ClCompile>
    <ClCompile Include="detail\quorum\server_view.cpp">
      <Filter>Source Files</Filter>
    </ClCompile>
    <ClCompile Include="detail\quorum\view.cpp">
      <Filter>Source Files</Filter>
    </ClCompile>
    <ClCompile Include="detail\strategy\basic_paxos\protocol\strategy.cpp">
      <Filter>Source Files</Filter>
    </ClCompile>
    <ClCompile Include="detail\strategy\basic_paxos\factory.cpp">
      <Filter>Source Files</Filter>
    </ClCompile>
    <ClCompile Include="detail\command.cpp">
      <Filter>Source Files</Filter>
    </ClCompile>
    <ClCompile Include="detail\command_dispatcher.cpp">
      <Filter>Source Files</Filter>
    </ClCompile>
    <ClCompile Include="detail\error.cpp">
      <Filter>Source Files</Filter>
    </ClCompile>
    <ClCompile Include="detail\io_thread.cpp">
      <Filter>Source Files</Filter>
    </ClCompile>
    <ClCompile Include="detail\parser.cpp">
      <Filter>Source Files</Filter>
    </ClCompile>
    <ClCompile Include="detail\paxos_context.cpp">
      <Filter>Source Files</Filter>
    </ClCompile>
    <ClCompile Include="detail\tcp_connection.cpp">
      <Filter>Source Files</Filter>
    </ClCompile>
    <ClCompile Include="durable\heap.cpp">
      <Filter>Source Files</Filter>
    </ClCompile>
    <ClCompile Include="durable\sqlite.cpp">
      <Filter>Source Files</Filter>
    </ClCompile>
    <ClCompile Include="durable\storage.cpp">
      <Filter>Source Files</Filter>
    </ClCompile>
    <ClCompile Include="durable\sqlite3.c">
      <Filter>Source Files</Filter>
    </ClCompile>
    <ClCompile Include="detail\quorum\server.cpp">
      <Filter>Source Files</Filter>
    </ClCompile>
  </ItemGroup>
  <ItemGroup>
    <ClInclude Include="detail\client\protocol\initiate_request.hpp">
      <Filter>Header Files</Filter>
    </ClInclude>
    <ClInclude Include="detail\client\protocol\request.hpp">
      <Filter>Header Files</Filter>
    </ClInclude>
    <ClInclude Include="detail\quorum\client_view.hpp">
      <Filter>Header Files</Filter>
    </ClInclude>
    <ClInclude Include="detail\quorum\server.hpp">
      <Filter>Header Files</Filter>
    </ClInclude>
    <ClInclude Include="detail\quorum\server_view.hpp">
      <Filter>Header Files</Filter>
    </ClInclude>
    <ClInclude Include="detail\quorum\view.hpp">
      <Filter>Header Files</Filter>
    </ClInclude>
    <ClInclude Include="detail\request_queue\queue.hpp">
      <Filter>Header Files</Filter>
    </ClInclude>
    <ClInclude Include="detail\strategy\basic_paxos\protocol\strategy.hpp">
      <Filter>Header Files</Filter>
    </ClInclude>
    <ClInclude Include="detail\strategy\basic_paxos\factory.hpp">
      <Filter>Header Files</Filter>
    </ClInclude>
    <ClInclude Include="detail\strategy\factory.hpp">
      <Filter>Header Files</Filter>
    </ClInclude>
    <ClInclude Include="detail\strategy\request.hpp">
      <Filter>Header Files</Filter>
    </ClInclude>
    <ClInclude Include="detail\strategy\strategy.hpp">
      <Filter>Header Files</Filter>
    </ClInclude>
    <ClInclude Include="detail\util\conversion.hpp">
      <Filter>Header Files</Filter>
    </ClInclude>
    <ClInclude Include="detail\util\debug.hpp">
      <Filter>Header Files</Filter>
    </ClInclude>
    <ClInclude Include="detail\util\debug_log_log4cxx.hpp">
      <Filter>Header Files</Filter>
    </ClInclude>
    <ClInclude Include="detail\util\singleton.hpp">
      <Filter>Header Files</Filter>
    </ClInclude>
    <ClInclude Include="detail\command.hpp">
      <Filter>Header Files</Filter>
    </ClInclude>
    <ClInclude Include="detail\command_dispatcher.hpp">
      <Filter>Header Files</Filter>
    </ClInclude>
    <ClInclude Include="detail\error.hpp">
      <Filter>Header Files</Filter>
    </ClInclude>
    <ClInclude Include="detail\io_thread.hpp">
      <Filter>Header Files</Filter>
    </ClInclude>
    <ClInclude Include="detail\parser.hpp">
      <Filter>Header Files</Filter>
    </ClInclude>
    <ClInclude Include="detail\paxos_context.hpp">
      <Filter>Header Files</Filter>
    </ClInclude>
    <ClInclude Include="detail\tcp_connection.hpp">
      <Filter>Header Files</Filter>
    </ClInclude>
    <ClInclude Include="detail\tcp_connection_fwd.hpp">
      <Filter>Header Files</Filter>
    </ClInclude>
    <ClInclude Include="durable\heap.hpp">
      <Filter>Header Files</Filter>
    </ClInclude>
    <ClInclude Include="durable\sqlite.hpp">
      <Filter>Header Files</Filter>
    </ClInclude>
    <ClInclude Include="durable\sqlite3.h">
      <Filter>Header Files</Filter>
    </ClInclude>
    <ClInclude Include="durable\storage.hpp">
      <Filter>Header Files</Filter>
    </ClInclude>
    <ClInclude Include="exception\exception.hpp">
      <Filter>Header Files</Filter>
    </ClInclude>
    <ClInclude Include="client.hpp">
      <Filter>Header Files</Filter>
    </ClInclude>
    <ClInclude Include="configuration.hpp">
      <Filter>Header Files</Filter>
    </ClInclude>
    <ClInclude Include="server.hpp">
      <Filter>Header Files</Filter>
    </ClInclude>
  </ItemGroup>
  <ItemGroup>
    <None Include="detail\quorum\server_view.inl">
      <Filter>Header Files</Filter>
    </None>
    <None Include="detail\request_queue\queue.inl">
      <Filter>Header Files</Filter>
    </None>
    <None Include="detail\strategy\factory.inl">
      <Filter>Header Files</Filter>
    </None>
    <None Include="detail\strategy\request.inl">
      <Filter>Header Files</Filter>
    </None>
    <None Include="detail\strategy\strategy.inl">
      <Filter>Header Files</Filter>
    </None>
    <None Include="detail\util\conversion.inl">
      <Filter>Header Files</Filter>
    </None>
    <None Include="detail\util\debug_log_log4cxx.inl">
      <Filter>Header Files</Filter>
    </None>
    <None Include="detail\util\singleton.inl">
      <Filter>Header Files</Filter>
    </None>
    <None Include="detail\command.inl">
      <Filter>Header Files</Filter>
    </None>
    <None Include="detail\paxos_context.inl">
      <Filter>Header Files</Filter>
    </None>
  </ItemGroup>
</Project>